
Microsoft Visual Studio Solution File, Format Version 12.00
# Visual Studio Version 16
Project("{8BC9CEB8-8B4A-11D0-8D11-00A0C91BC942}") = "ALL_BUILD", "ALL_BUILD.vcxproj", "{65CF2E0C-23CB-3EFF-966C-6F1494C09F2B}"
	ProjectSection(ProjectDependencies) = postProject
		{089E7AF5-246A-3B2A-98DA-EA4C5252F9C9} = {089E7AF5-246A-3B2A-98DA-EA4C5252F9C9}
	EndProjectSection
EndProject
Project("{8BC9CEB8-8B4A-11D0-8D11-00A0C91BC942}") = "INSTALL", "INSTALL.vcxproj", "{FC183B77-15C3-38AD-9935-489215699308}"
	ProjectSection(ProjectDependencies) = postProject
		{65CF2E0C-23CB-3EFF-966C-6F1494C09F2B} = {65CF2E0C-23CB-3EFF-966C-6F1494C09F2B}
		{089E7AF5-246A-3B2A-98DA-EA4C5252F9C9} = {089E7AF5-246A-3B2A-98DA-EA4C5252F9C9}
	EndProjectSection
EndProject
Project("{8BC9CEB8-8B4A-11D0-8D11-00A0C91BC942}") = "ZERO_CHECK", "..\\ZERO_CHECK.vcxproj", "{089E7AF5-246A-3B2A-98DA-EA4C5252F9C9}"
	ProjectSection(ProjectDependencies) = postProject
	EndProjectSection
EndProject
Project("{8BC9CEB8-8B4A-11D0-8D11-00A0C91BC942}") = "demos", "demos.vcxproj", "{3CA80984-B33F-3242-B2E0-3B485CBC13D6}"
	ProjectSection(ProjectDependencies) = postProject
		{089E7AF5-246A-3B2A-98DA-EA4C5252F9C9} = {089E7AF5-246A-3B2A-98DA-EA4C5252F9C9}
	EndProjectSection
EndProject
Global
	GlobalSection(SolutionConfigurationPlatforms) = preSolution
		Debug|x64 = Debug|x64
		Release|x64 = Release|x64
		MinSizeRel|x64 = MinSizeRel|x64
		RelWithDebInfo|x64 = RelWithDebInfo|x64
	EndGlobalSection
	GlobalSection(ProjectConfigurationPlatforms) = postSolution
		{65CF2E0C-23CB-3EFF-966C-6F1494C09F2B}.Debug|x64.ActiveCfg = Debug|x64
		{65CF2E0C-23CB-3EFF-966C-6F1494C09F2B}.Debug|x64.Build.0 = Debug|x64
		{65CF2E0C-23CB-3EFF-966C-6F1494C09F2B}.Release|x64.ActiveCfg = Release|x64
		{65CF2E0C-23CB-3EFF-966C-6F1494C09F2B}.Release|x64.Build.0 = Release|x64
		{65CF2E0C-23CB-3EFF-966C-6F1494C09F2B}.MinSizeRel|x64.ActiveCfg = MinSizeRel|x64
		{65CF2E0C-23CB-3EFF-966C-6F1494C09F2B}.MinSizeRel|x64.Build.0 = MinSizeRel|x64
		{65CF2E0C-23CB-3EFF-966C-6F1494C09F2B}.RelWithDebInfo|x64.ActiveCfg = RelWithDebInfo|x64
		{65CF2E0C-23CB-3EFF-966C-6F1494C09F2B}.RelWithDebInfo|x64.Build.0 = RelWithDebInfo|x64
		{FC183B77-15C3-38AD-9935-489215699308}.Debug|x64.ActiveCfg = Debug|x64
		{FC183B77-15C3-38AD-9935-489215699308}.Release|x64.ActiveCfg = Release|x64
		{FC183B77-15C3-38AD-9935-489215699308}.MinSizeRel|x64.ActiveCfg = MinSizeRel|x64
		{FC183B77-15C3-38AD-9935-489215699308}.RelWithDebInfo|x64.ActiveCfg = RelWithDebInfo|x64
		{089E7AF5-246A-3B2A-98DA-EA4C5252F9C9}.Debug|x64.ActiveCfg = Debug|x64
		{089E7AF5-246A-3B2A-98DA-EA4C5252F9C9}.Debug|x64.Build.0 = Debug|x64
		{089E7AF5-246A-3B2A-98DA-EA4C5252F9C9}.Release|x64.ActiveCfg = Release|x64
		{089E7AF5-246A-3B2A-98DA-EA4C5252F9C9}.Release|x64.Build.0 = Release|x64
		{089E7AF5-246A-3B2A-98DA-EA4C5252F9C9}.MinSizeRel|x64.ActiveCfg = MinSizeRel|x64
		{089E7AF5-246A-3B2A-98DA-EA4C5252F9C9}.MinSizeRel|x64.Build.0 = MinSizeRel|x64
		{089E7AF5-246A-3B2A-98DA-EA4C5252F9C9}.RelWithDebInfo|x64.ActiveCfg = RelWithDebInfo|x64
		{089E7AF5-246A-3B2A-98DA-EA4C5252F9C9}.RelWithDebInfo|x64.Build.0 = RelWithDebInfo|x64
		{3CA80984-B33F-3242-B2E0-3B485CBC13D6}.Debug|x64.ActiveCfg = Debug|x64
		{3CA80984-B33F-3242-B2E0-3B485CBC13D6}.Release|x64.ActiveCfg = Release|x64
		{3CA80984-B33F-3242-B2E0-3B485CBC13D6}.MinSizeRel|x64.ActiveCfg = MinSizeRel|x64
		{3CA80984-B33F-3242-B2E0-3B485CBC13D6}.RelWithDebInfo|x64.ActiveCfg = RelWithDebInfo|x64
	EndGlobalSection
	GlobalSection(ExtensibilityGlobals) = postSolution
		SolutionGuid = {9DFCEC7B-7B5D-3AB6-AD47-FAF2AE76FA98}
	EndGlobalSection
	GlobalSection(ExtensibilityAddIns) = postSolution
	EndGlobalSection
EndGlobal
